
Microsoft Visual Studio Solution File, Format Version 12.00
# Visual Studio 14
VisualStudioVersion = 14.0.25420.1
MinimumVisualStudioVersion = 10.0.40219.1
Project("{FAE04EC0-301F-11D3-BF4B-00C04F79EFBC}") = "bai7", "bai7\bai7.csproj", "{E87224BC-EFB0-4BC3-A8F8-CBC15DD26DED}"
EndProject
Global
	GlobalSection(SolutionConfigurationPlatforms) = preSolution
		Debug|Any CPU = Debug|Any CPU
		Release|Any CPU = Release|Any CPU
	EndGlobalSection
	GlobalSection(ProjectConfigurationPlatforms) = postSolution
		{E87224BC-EFB0-4BC3-A8F8-CBC15DD26DED}.Debug|Any CPU.ActiveCfg = Debug|Any CPU
		{E87224BC-EFB0-4BC3-A8F8-CBC15DD26DED}.Debug|Any CPU.Build.0 = Debug|Any CPU
		{E87224BC-EFB0-4BC3-A8F8-CBC15DD26DED}.Release|Any CPU.ActiveCfg = Release|Any CPU
		{E87224BC-EFB0-4BC3-A8F8-CBC15DD26DED}.Release|Any CPU.Build.0 = Release|Any CPU
	EndGlobalSection
	GlobalSection(SolutionProperties) = preSolution
		HideSolutionNode = FALSE
	EndGlobalSection
EndGlobal
